// !$*UTF8*$!
{
	archiveVersion = 1;
	classes = {
	};
	objectVersion = 50;
	objects = {

/* Begin PBXBuildFile section */
		882E5E852279E1F200F1AD56 /* AppDelegate.m in Sources */ = {isa = PBXBuildFile; fileRef = 882E5E842279E1F200F1AD56 /* AppDelegate.m */; };
		882E5E8D2279E1F300F1AD56 /* Assets.xcassets in Resources */ = {isa = PBXBuildFile; fileRef = 882E5E8C2279E1F300F1AD56 /* Assets.xcassets */; };
		882E5E932279E1F300F1AD56 /* main.m in Sources */ = {isa = PBXBuildFile; fileRef = 882E5E922279E1F300F1AD56 /* main.m */; };
		882E5E9D2279E2DE00F1AD56 /* Storyboard.storyboard in Resources */ = {isa = PBXBuildFile; fileRef = 882E5E9C2279E2DE00F1AD56 /* Storyboard.storyboard */; };
		882E5EA02279E35700F1AD56 /* AZTableViewController.m in Sources */ = {isa = PBXBuildFile; fileRef = 882E5E9F2279E35700F1AD56 /* AZTableViewController.m */; };
/* End PBXBuildFile section */

/* Begin PBXFileReference section */
		882E5E802279E1F200F1AD56 /* 35-search-easy-mode.app */ = {isa = PBXFileReference; explicitFileType = wrapper.application; includeInIndex = 0; path = "35-search-easy-mode.app"; sourceTree = BUILT_PRODUCTS_DIR; };
		882E5E832279E1F200F1AD56 /* AppDelegate.h */ = {isa = PBXFileReference; lastKnownFileType = sourcecode.c.h; path = AppDelegate.h; sourceTree = "<group>"; };
		882E5E842279E1F200F1AD56 /* AppDelegate.m */ = {isa = PBXFileReference; lastKnownFileType = sourcecode.c.objc; path = AppDelegate.m; sourceTree = "<group>"; };
		882E5E8C2279E1F300F1AD56 /* Assets.xcassets */ = {isa = PBXFileReference; lastKnownFileType = folder.assetcatalog; path = Assets.xcassets; sourceTree = "<group>"; };
		882E5E912279E1F300F1AD56 /* Info.plist */ = {isa = PBXFileReference; lastKnownFileType = text.plist.xml; path = Info.plist; sourceTree = "<group>"; };
		882E5E922279E1F300F1AD56 /* main.m */ = {isa = PBXFileReference; lastKnownFileType = sourcecode.c.objc; path = main.m; sourceTree = "<group>"; };
		882E5E9C2279E2DE00F1AD56 /* Storyboard.storyboard */ = {isa = PBXFileReference; lastKnownFileType = file.storyboard; path = Storyboard.storyboard; sourceTree = "<group>"; };
		882E5E9E2279E35700F1AD56 /* AZTableViewController.h */ = {isa = PBXFileReference; lastKnownFileType = sourcecode.c.h; path = AZTableViewController.h; sourceTree = "<group>"; };
		882E5E9F2279E35700F1AD56 /* AZTableViewController.m */ = {isa = PBXFileReference; lastKnownFileType = sourcecode.c.objc; path = AZTableViewController.m; sourceTree = "<group>"; };
/* End PBXFileReference section */

/* Begin PBXFrameworksBuildPhase section */
		882E5E7D2279E1F200F1AD56 /* Frameworks */ = {
			isa = PBXFrameworksBuildPhase;
			buildActionMask = 2147483647;
			files = (
			);
			runOnlyForDeploymentPostprocessing = 0;
		};
/* End PBXFrameworksBuildPhase section */

/* Begin PBXGroup section */
		882E5E772279E1F200F1AD56 = {
			isa = PBXGroup;
			children = (
				882E5E822279E1F200F1AD56 /* 35-search-easy-mode */,
				882E5E812279E1F200F1AD56 /* Products */,
			);
			sourceTree = "<group>";
		};
		882E5E812279E1F200F1AD56 /* Products */ = {
			isa = PBXGroup;
			children = (
				882E5E802279E1F200F1AD56 /* 35-search-easy-mode.app */,
			);
			name = Products;
			sourceTree = "<group>";
		};
		882E5E822279E1F200F1AD56 /* 35-search-easy-mode */ = {
			isa = PBXGroup;
			children = (
				882E5E832279E1F200F1AD56 /* AppDelegate.h */,
				882E5E842279E1F200F1AD56 /* AppDelegate.m */,
				882E5E8C2279E1F300F1AD56 /* Assets.xcassets */,
				882E5E912279E1F300F1AD56 /* Info.plist */,
				882E5E922279E1F300F1AD56 /* main.m */,
				882E5E9C2279E2DE00F1AD56 /* Storyboard.storyboard */,
				882E5E9E2279E35700F1AD56 /* AZTableViewController.h */,
				882E5E9F2279E35700F1AD56 /* AZTableViewController.m */,
			);
			path = "35-search-easy-mode";
			sourceTree = "<group>";
		};
/* End PBXGroup section */

/* Begin PBXNativeTarget section */
		882E5E7F2279E1F200F1AD56 /* 35-search-easy-mode */ = {
			isa = PBXNativeTarget;
			buildConfigurationList = 882E5E962279E1F300F1AD56 /* Build configuration list for PBXNativeTarget "35-search-easy-mode" */;
			buildPhases = (
				882E5E7C2279E1F200F1AD56 /* Sources */,
				882E5E7D2279E1F200F1AD56 /* Frameworks */,
				882E5E7E2279E1F200F1AD56 /* Resources */,
			);
			buildRules = (
			);
			dependencies = (
			);
			name = "35-search-easy-mode";
			productName = "35-search-easy-mode";
			productReference = 882E5E802279E1F200F1AD56 /* 35-search-easy-mode.app */;
			productType = "com.apple.product-type.application";
		};
/* End PBXNativeTarget section */

/* Begin PBXProject section */
		882E5E782279E1F200F1AD56 /* Project object */ = {
			isa = PBXProject;
			attributes = {
				LastUpgradeCheck = 1010;
				ORGANIZATIONNAME = Zolotoverkhov;
				TargetAttributes = {
					882E5E7F2279E1F200F1AD56 = {
						CreatedOnToolsVersion = 10.1;
					};
				};
			};
			buildConfigurationList = 882E5E7B2279E1F200F1AD56 /* Build configuration list for PBXProject "35-search-easy-mode" */;
			compatibilityVersion = "Xcode 9.3";
			developmentRegion = en;
			hasScannedForEncodings = 0;
			knownRegions = (
				en,
				Base,
			);
			mainGroup = 882E5E772279E1F200F1AD56;
			productRefGroup = 882E5E812279E1F200F1AD56 /* Products */;
			projectDirPath = "";
			projectRoot = "";
			targets = (
				882E5E7F2279E1F200F1AD56 /* 35-search-easy-mode */,
			);
		};
/* End PBXProject section */

/* Begin PBXResourcesBuildPhase section */
		882E5E7E2279E1F200F1AD56 /* Resources */ = {
			isa = PBXResourcesBuildPhase;
			buildActionMask = 2147483647;
			files = (
				882E5E8D2279E1F300F1AD56 /* Assets.xcassets in Resources */,
				882E5E9D2279E2DE00F1AD56 /* Storyboard.storyboard in Resources */,
			);
			runOnlyForDeploymentPostprocessing = 0;
		};
/* End PBXResourcesBuildPhase section */

/* Begin PBXSourcesBuildPhase section */
		882E5E7C2279E1F200F1AD56 /* Sources */ = {
			isa = PBXSourcesBuildPhase;
			buildActionMask = 2147483647;
			files = (
				882E5EA02279E35700F1AD56 /* AZTableViewController.m in Sources */,
				882E5E932279E1F300F1AD56 /* main.m in Sources */,
				882E5E852279E1F200F1AD56 /* AppDelegate.m in Sources */,
			);
			runOnlyForDeploymentPostprocessing = 0;
		};
/* End PBXSourcesBuildPhase section */

/* Begin XCBuildConfiguration section */
		882E5E942279E1F300F1AD56 /* Debug */ = {
			isa = XCBuildConfiguration;
			buildSettings = {
				ALWAYS_SEARCH_USER_PATHS = NO;
				CLANG_ANALYZER_NONNULL = YES;
				CLANG_ANALYZER_NUMBER_OBJECT_CONVERSION = YES_AGGRESSIVE;
				CLANG_CXX_LANGUAGE_STANDARD = "gnu++14";
				CLANG_CXX_LIBRARY = "libc++";
				CLANG_ENABLE_MODULES = YES;
				CLANG_ENABLE_OBJC_ARC = YES;
				CLANG_ENABLE_OBJC_WEAK = YES;
				CLANG_WARN_BLOCK_CAPTURE_AUTORELEASING = YES;
				CLANG_WARN_BOOL_CONVERSION = YES;
				CLANG_WARN_COMMA = YES;
				CLANG_WARN_CONSTANT_CONVERSION = YES;
				CLANG_WARN_DEPRECATED_OBJC_IMPLEMENTATIONS = YES;
				CLANG_WARN_DIRECT_OBJC_ISA_USAGE = YES_ERROR;
				CLANG_WARN_DOCUMENTATION_COMMENTS = YES;
				CLANG_WARN_EMPTY_BODY = YES;
				CLANG_WARN_ENUM_CONVERSION = YES;
				CLANG_WARN_INFINITE_RECURSION = YES;
				CLANG_WARN_INT_CONVERSION = YES;
				CLANG_WARN_NON_LITERAL_NULL_CONVERSION = YES;
				CLANG_WARN_OBJC_IMPLICIT_RETAIN_SELF = YES;
				CLANG_WARN_OBJC_LITERAL_CONVERSION = YES;
				CLANG_WARN_OBJC_ROOT_CLASS = YES_ERROR;
				CLANG_WARN_RANGE_LOOP_ANALYSIS = YES;
				CLANG_WARN_STRICT_PROTOTYPES = YES;
				CLANG_WARN_SUSPICIOUS_MOVE = YES;
				CLANG_WARN_UNGUARDED_AVAILABILITY = YES_AGGRESSIVE;
				CLANG_WARN_UNREACHABLE_CODE = YES;
				CLANG_WARN__DUPLICATE_METHOD_MATCH = YES;
				CODE_SIGN_IDENTITY = "iPhone Developer";
				COPY_PHASE_STRIP = NO;
				DEBUG_INFORMATION_FORMAT = dwarf;
				ENABLE_STRICT_OBJC_MSGSEND = YES;
				ENABLE_TESTABILITY = YES;
				GCC_C_LANGUAGE_STANDARD = gnu11;
				GCC_DYNAMIC_NO_PIC = NO;
				GCC_NO_COMMON_BLOCKS = YES;
				GCC_OPTIMIZATION_LEVEL = 0;
				GCC_PREPROCESSOR_DEFINITIONS = (
					"DEBUG=1",
					"$(inherited)",
				);
				GCC_WARN_64_TO_32_BIT_CONVERSION = YES;
				GCC_WARN_ABOUT_RETURN_TYPE = YES_ERROR;
				GCC_WARN_UNDECLARED_SELECTOR = YES;
				GCC_WARN_UNINITIALIZED_AUTOS = YES_AGGRESSIVE;
				GCC_WARN_UNUSED_FUNCTION = YES;
				GCC_WARN_UNUSED_VARIABLE = YES;
				IPHONEOS_DEPLOYMENT_TARGET = 12.1;
				MTL_ENABLE_DEBUG_INFO = INCLUDE_SOURCE;
				MTL_FAST_MATH = YES;
				ONLY_ACTIVE_ARCH = YES;
				SDKROOT = iphoneos;
			};
			name = Debug;
		};
		882E5E952279E1F300F1AD56 /* Release */ = {
			isa = XCBuildConfiguration;
			buildSettings = {
				ALWAYS_SEARCH_USER_PATHS = NO;
				CLANG_ANALYZER_NONNULL = YES;
				CLANG_ANALYZER_NUMBER_OBJECT_CONVERSION = YES_AGGRESSIVE;
				CLANG_CXX_LANGUAGE_STANDARD = "gnu++14";
				CLANG_CXX_LIBRARY = "libc++";
				CLANG_ENABLE_MODULES = YES;
				CLANG_ENABLE_OBJC_ARC = YES;
				CLANG_ENABLE_OBJC_WEAK = YES;
				CLANG_WARN_BLOCK_CAPTURE_AUTORELEASING = YES;
				CLANG_WARN_BOOL_CONVERSION = YES;
				CLANG_WARN_COMMA = YES;
				CLANG_WARN_CONSTANT_CONVERSION = YES;
				CLANG_WARN_DEPRECATED_OBJC_IMPLEMENTATIONS = YES;
				CLANG_WARN_DIRECT_OBJC_ISA_USAGE = YES_ERROR;
				CLANG_WARN_DOCUMENTATION_COMMENTS = YES;
				CLANG_WARN_EMPTY_BODY = YES;
				CLANG_WARN_ENUM_CONVERSION = YES;
				CLANG_WARN_INFINITE_RECURSION = YES;
				CLANG_WARN_INT_CONVERSION = YES;
				CLANG_WARN_NON_LITERAL_NULL_CONVERSION = YES;
				CLANG_WARN_OBJC_IMPLICIT_RETAIN_SELF = YES;
				CLANG_WARN_OBJC_LITERAL_CONVERSION = YES;
				CLANG_WARN_OBJC_ROOT_CLASS = YES_ERROR;
				CLANG_WARN_RANGE_LOOP_ANALYSIS = YES;
				CLANG_WARN_STRICT_PROTOTYPES = YES;
				CLANG_WARN_SUSPICIOUS_MOVE = YES;
				CLANG_WARN_UNGUARDED_AVAILABILITY = YES_AGGRESSIVE;
				CLANG_WARN_UNREACHABLE_CODE = YES;
				CLANG_WARN__DUPLICATE_METHOD_MATCH = YES;
				CODE_SIGN_IDENTITY = "iPhone Developer";
				COPY_PHASE_STRIP = NO;
				DEBUG_INFORMATION_FORMAT = "dwarf-with-dsym";
				ENABLE_NS_ASSERTIONS = NO;
				ENABLE_STRICT_OBJC_MSGSEND = YES;
				GCC_C_LANGUAGE_STANDARD = gnu11;
				GCC_NO_COMMON_BLOCKS = YES;
				GCC_WARN_64_TO_32_BIT_CONVERSION = YES;
				GCC_WARN_ABOUT_RETURN_TYPE = YES_ERROR;
				GCC_WARN_UNDECLARED_SELECTOR = YES;
				GCC_WARN_UNINITIALIZED_AUTOS = YES_AGGRESSIVE;
				GCC_WARN_UNUSED_FUNCTION = YES;
				GCC_WARN_UNUSED_VARIABLE = YES;
				IPHONEOS_DEPLOYMENT_TARGET = 12.1;
				MTL_ENABLE_DEBUG_INFO = NO;
				MTL_FAST_MATH = YES;
				SDKROOT = iphoneos;
				VALIDATE_PRODUCT = YES;
			};
			name = Release;
		};
		882E5E972279E1F300F1AD56 /* Debug */ = {
			isa = XCBuildConfiguration;
			buildSettings = {
				ASSETCATALOG_COMPILER_APPICON_NAME = AppIcon;
				CODE_SIGN_STYLE = Automatic;
				DEVELOPMENT_TEAM = Q2B4X9FGD4;
				INFOPLIST_FILE = "35-search-easy-mode/Info.plist";
				LD_RUNPATH_SEARCH_PATHS = (
					"$(inherited)",
					"@executable_path/Frameworks",
				);
				PRODUCT_BUNDLE_IDENTIFIER = "zol.-5-search-easy-mode";
				PRODUCT_NAME = "$(TARGET_NAME)";
				TARGETED_DEVICE_FAMILY = "1,2";
			};
			name = Debug;
		};
		882E5E982279E1F300F1AD56 /* Release */ = {
			isa = XCBuildConfiguration;
			buildSettings = {
				ASSETCATALOG_COMPILER_APPICON_NAME = AppIcon;
				CODE_SIGN_STYLE = Automatic;
				DEVELOPMENT_TEAM = Q2B4X9FGD4;
				INFOPLIST_FILE = "35-search-easy-mode/Info.plist";
				LD_RUNPATH_SEARCH_PATHS = (
					"$(inherited)",
					"@executable_path/Frameworks",
				);
				PRODUCT_BUNDLE_IDENTIFIER = "zol.-5-search-easy-mode";
				PRODUCT_NAME = "$(TARGET_NAME)";
				TARGETED_DEVICE_FAMILY = "1,2";
			};
			name = Release;
		};
/* End XCBuildConfiguration section */

/* Begin XCConfigurationList section */
		882E5E7B2279E1F200F1AD56 /* Build configuration list for PBXProject "35-search-easy-mode" */ = {
			isa = XCConfigurationList;
			buildConfigurations = (
				882E5E942279E1F300F1AD56 /* Debug */,
				882E5E952279E1F300F1AD56 /* Release */,
			);
			defaultConfigurationIsVisible = 0;
			defaultConfigurationName = Release;
		};
		882E5E962279E1F300F1AD56 /* Build configuration list for PBXNativeTarget "35-search-easy-mode" */ = {
			isa = XCConfigurationList;
			buildConfigurations = (
				882E5E972279E1F300F1AD56 /* Debug */,
				882E5E982279E1F300F1AD56 /* Release */,
			);
			defaultConfigurationIsVisible = 0;
			defaultConfigurationName = Release;
		};
/* End XCConfigurationList section */
	};
	rootObject = 882E5E782279E1F200F1AD56 /* Project object */;
}
