// !$*UTF8*$!
{
	archiveVersion = 1;
	classes = {
	};
	objectVersion = 50;
	objects = {

/* Begin PBXBuildFile section */
		88AF9CFB2250F92B00E6F736 /* AppDelegate.m in Sources */ = {isa = PBXBuildFile; fileRef = 88AF9CFA2250F92B00E6F736 /* AppDelegate.m */; };
		88AF9CFE2250F92B00E6F736 /* ViewController.m in Sources */ = {isa = PBXBuildFile; fileRef = 88AF9CFD2250F92B00E6F736 /* ViewController.m */; };
		88AF9D012250F92B00E6F736 /* Main.storyboard in Resources */ = {isa = PBXBuildFile; fileRef = 88AF9CFF2250F92B00E6F736 /* Main.storyboard */; };
		88AF9D032250F92C00E6F736 /* Assets.xcassets in Resources */ = {isa = PBXBuildFile; fileRef = 88AF9D022250F92C00E6F736 /* Assets.xcassets */; };
		88AF9D062250F92C00E6F736 /* LaunchScreen.storyboard in Resources */ = {isa = PBXBuildFile; fileRef = 88AF9D042250F92C00E6F736 /* LaunchScreen.storyboard */; };
		88AF9D092250F92C00E6F736 /* main.m in Sources */ = {isa = PBXBuildFile; fileRef = 88AF9D082250F92C00E6F736 /* main.m */; };
		F8F18196225212770021D9E1 /* AZCell.m in Sources */ = {isa = PBXBuildFile; fileRef = F8F18195225212770021D9E1 /* AZCell.m */; };
		F8F18199225212910021D9E1 /* AZChess.m in Sources */ = {isa = PBXBuildFile; fileRef = F8F18198225212910021D9E1 /* AZChess.m */; };
		F8F1819C225212F00021D9E1 /* AZBoard.m in Sources */ = {isa = PBXBuildFile; fileRef = F8F1819B225212F00021D9E1 /* AZBoard.m */; };
/* End PBXBuildFile section */

/* Begin PBXFileReference section */
		88AF9CF62250F92B00E6F736 /* skut-22-touches.app */ = {isa = PBXFileReference; explicitFileType = wrapper.application; includeInIndex = 0; path = "skut-22-touches.app"; sourceTree = BUILT_PRODUCTS_DIR; };
		88AF9CF92250F92B00E6F736 /* AppDelegate.h */ = {isa = PBXFileReference; lastKnownFileType = sourcecode.c.h; path = AppDelegate.h; sourceTree = "<group>"; };
		88AF9CFA2250F92B00E6F736 /* AppDelegate.m */ = {isa = PBXFileReference; lastKnownFileType = sourcecode.c.objc; path = AppDelegate.m; sourceTree = "<group>"; };
		88AF9CFC2250F92B00E6F736 /* ViewController.h */ = {isa = PBXFileReference; lastKnownFileType = sourcecode.c.h; path = ViewController.h; sourceTree = "<group>"; };
		88AF9CFD2250F92B00E6F736 /* ViewController.m */ = {isa = PBXFileReference; lastKnownFileType = sourcecode.c.objc; path = ViewController.m; sourceTree = "<group>"; };
		88AF9D002250F92B00E6F736 /* Base */ = {isa = PBXFileReference; lastKnownFileType = file.storyboard; name = Base; path = Base.lproj/Main.storyboard; sourceTree = "<group>"; };
		88AF9D022250F92C00E6F736 /* Assets.xcassets */ = {isa = PBXFileReference; lastKnownFileType = folder.assetcatalog; path = Assets.xcassets; sourceTree = "<group>"; };
		88AF9D052250F92C00E6F736 /* Base */ = {isa = PBXFileReference; lastKnownFileType = file.storyboard; name = Base; path = Base.lproj/LaunchScreen.storyboard; sourceTree = "<group>"; };
		88AF9D072250F92C00E6F736 /* Info.plist */ = {isa = PBXFileReference; lastKnownFileType = text.plist.xml; path = Info.plist; sourceTree = "<group>"; };
		88AF9D082250F92C00E6F736 /* main.m */ = {isa = PBXFileReference; lastKnownFileType = sourcecode.c.objc; path = main.m; sourceTree = "<group>"; };
		F8F18194225212770021D9E1 /* AZCell.h */ = {isa = PBXFileReference; lastKnownFileType = sourcecode.c.h; path = AZCell.h; sourceTree = "<group>"; };
		F8F18195225212770021D9E1 /* AZCell.m */ = {isa = PBXFileReference; lastKnownFileType = sourcecode.c.objc; path = AZCell.m; sourceTree = "<group>"; };
		F8F18197225212910021D9E1 /* AZChess.h */ = {isa = PBXFileReference; lastKnownFileType = sourcecode.c.h; path = AZChess.h; sourceTree = "<group>"; };
		F8F18198225212910021D9E1 /* AZChess.m */ = {isa = PBXFileReference; lastKnownFileType = sourcecode.c.objc; path = AZChess.m; sourceTree = "<group>"; };
		F8F1819A225212F00021D9E1 /* AZBoard.h */ = {isa = PBXFileReference; lastKnownFileType = sourcecode.c.h; path = AZBoard.h; sourceTree = "<group>"; };
		F8F1819B225212F00021D9E1 /* AZBoard.m */ = {isa = PBXFileReference; lastKnownFileType = sourcecode.c.objc; path = AZBoard.m; sourceTree = "<group>"; };
/* End PBXFileReference section */

/* Begin PBXFrameworksBuildPhase section */
		88AF9CF32250F92B00E6F736 /* Frameworks */ = {
			isa = PBXFrameworksBuildPhase;
			buildActionMask = 2147483647;
			files = (
			);
			runOnlyForDeploymentPostprocessing = 0;
		};
/* End PBXFrameworksBuildPhase section */

/* Begin PBXGroup section */
		88AF9CED2250F92B00E6F736 = {
			isa = PBXGroup;
			children = (
				88AF9CF82250F92B00E6F736 /* skut-22-touches */,
				88AF9CF72250F92B00E6F736 /* Products */,
			);
			sourceTree = "<group>";
		};
		88AF9CF72250F92B00E6F736 /* Products */ = {
			isa = PBXGroup;
			children = (
				88AF9CF62250F92B00E6F736 /* skut-22-touches.app */,
			);
			name = Products;
			sourceTree = "<group>";
		};
		88AF9CF82250F92B00E6F736 /* skut-22-touches */ = {
			isa = PBXGroup;
			children = (
				88AF9CF92250F92B00E6F736 /* AppDelegate.h */,
				88AF9CFA2250F92B00E6F736 /* AppDelegate.m */,
				88AF9CFC2250F92B00E6F736 /* ViewController.h */,
				88AF9CFD2250F92B00E6F736 /* ViewController.m */,
				88AF9CFF2250F92B00E6F736 /* Main.storyboard */,
				88AF9D022250F92C00E6F736 /* Assets.xcassets */,
				88AF9D042250F92C00E6F736 /* LaunchScreen.storyboard */,
				88AF9D072250F92C00E6F736 /* Info.plist */,
				88AF9D082250F92C00E6F736 /* main.m */,
				F8F18194225212770021D9E1 /* AZCell.h */,
				F8F18195225212770021D9E1 /* AZCell.m */,
				F8F18197225212910021D9E1 /* AZChess.h */,
				F8F18198225212910021D9E1 /* AZChess.m */,
				F8F1819A225212F00021D9E1 /* AZBoard.h */,
				F8F1819B225212F00021D9E1 /* AZBoard.m */,
			);
			path = "skut-22-touches";
			sourceTree = "<group>";
		};
/* End PBXGroup section */

/* Begin PBXNativeTarget section */
		88AF9CF52250F92B00E6F736 /* skut-22-touches */ = {
			isa = PBXNativeTarget;
			buildConfigurationList = 88AF9D0C2250F92C00E6F736 /* Build configuration list for PBXNativeTarget "skut-22-touches" */;
			buildPhases = (
				88AF9CF22250F92B00E6F736 /* Sources */,
				88AF9CF32250F92B00E6F736 /* Frameworks */,
				88AF9CF42250F92B00E6F736 /* Resources */,
			);
			buildRules = (
			);
			dependencies = (
			);
			name = "skut-22-touches";
			productName = "skut-22-touches";
			productReference = 88AF9CF62250F92B00E6F736 /* skut-22-touches.app */;
			productType = "com.apple.product-type.application";
		};
/* End PBXNativeTarget section */

/* Begin PBXProject section */
		88AF9CEE2250F92B00E6F736 /* Project object */ = {
			isa = PBXProject;
			attributes = {
				LastUpgradeCheck = 1010;
				ORGANIZATIONNAME = Zolotoverkhov;
				TargetAttributes = {
					88AF9CF52250F92B00E6F736 = {
						CreatedOnToolsVersion = 10.1;
					};
				};
			};
			buildConfigurationList = 88AF9CF12250F92B00E6F736 /* Build configuration list for PBXProject "skut-22-touches" */;
			compatibilityVersion = "Xcode 9.3";
			developmentRegion = en;
			hasScannedForEncodings = 0;
			knownRegions = (
				en,
				Base,
			);
			mainGroup = 88AF9CED2250F92B00E6F736;
			productRefGroup = 88AF9CF72250F92B00E6F736 /* Products */;
			projectDirPath = "";
			projectRoot = "";
			targets = (
				88AF9CF52250F92B00E6F736 /* skut-22-touches */,
			);
		};
/* End PBXProject section */

/* Begin PBXResourcesBuildPhase section */
		88AF9CF42250F92B00E6F736 /* Resources */ = {
			isa = PBXResourcesBuildPhase;
			buildActionMask = 2147483647;
			files = (
				88AF9D062250F92C00E6F736 /* LaunchScreen.storyboard in Resources */,
				88AF9D032250F92C00E6F736 /* Assets.xcassets in Resources */,
				88AF9D012250F92B00E6F736 /* Main.storyboard in Resources */,
			);
			runOnlyForDeploymentPostprocessing = 0;
		};
/* End PBXResourcesBuildPhase section */

/* Begin PBXSourcesBuildPhase section */
		88AF9CF22250F92B00E6F736 /* Sources */ = {
			isa = PBXSourcesBuildPhase;
			buildActionMask = 2147483647;
			files = (
				88AF9CFE2250F92B00E6F736 /* ViewController.m in Sources */,
				88AF9D092250F92C00E6F736 /* main.m in Sources */,
				F8F18196225212770021D9E1 /* AZCell.m in Sources */,
				F8F1819C225212F00021D9E1 /* AZBoard.m in Sources */,
				F8F18199225212910021D9E1 /* AZChess.m in Sources */,
				88AF9CFB2250F92B00E6F736 /* AppDelegate.m in Sources */,
			);
			runOnlyForDeploymentPostprocessing = 0;
		};
/* End PBXSourcesBuildPhase section */

/* Begin PBXVariantGroup section */
		88AF9CFF2250F92B00E6F736 /* Main.storyboard */ = {
			isa = PBXVariantGroup;
			children = (
				88AF9D002250F92B00E6F736 /* Base */,
			);
			name = Main.storyboard;
			sourceTree = "<group>";
		};
		88AF9D042250F92C00E6F736 /* LaunchScreen.storyboard */ = {
			isa = PBXVariantGroup;
			children = (
				88AF9D052250F92C00E6F736 /* Base */,
			);
			name = LaunchScreen.storyboard;
			sourceTree = "<group>";
		};
/* End PBXVariantGroup section */

/* Begin XCBuildConfiguration section */
		88AF9D0A2250F92C00E6F736 /* Debug */ = {
			isa = XCBuildConfiguration;
			buildSettings = {
				ALWAYS_SEARCH_USER_PATHS = NO;
				CLANG_ANALYZER_NONNULL = YES;
				CLANG_ANALYZER_NUMBER_OBJECT_CONVERSION = YES_AGGRESSIVE;
				CLANG_CXX_LANGUAGE_STANDARD = "gnu++14";
				CLANG_CXX_LIBRARY = "libc++";
				CLANG_ENABLE_MODULES = YES;
				CLANG_ENABLE_OBJC_ARC = YES;
				CLANG_ENABLE_OBJC_WEAK = YES;
				CLANG_WARN_BLOCK_CAPTURE_AUTORELEASING = YES;
				CLANG_WARN_BOOL_CONVERSION = YES;
				CLANG_WARN_COMMA = YES;
				CLANG_WARN_CONSTANT_CONVERSION = YES;
				CLANG_WARN_DEPRECATED_OBJC_IMPLEMENTATIONS = YES;
				CLANG_WARN_DIRECT_OBJC_ISA_USAGE = YES_ERROR;
				CLANG_WARN_DOCUMENTATION_COMMENTS = YES;
				CLANG_WARN_EMPTY_BODY = YES;
				CLANG_WARN_ENUM_CONVERSION = YES;
				CLANG_WARN_INFINITE_RECURSION = YES;
				CLANG_WARN_INT_CONVERSION = YES;
				CLANG_WARN_NON_LITERAL_NULL_CONVERSION = YES;
				CLANG_WARN_OBJC_IMPLICIT_RETAIN_SELF = YES;
				CLANG_WARN_OBJC_LITERAL_CONVERSION = YES;
				CLANG_WARN_OBJC_ROOT_CLASS = YES_ERROR;
				CLANG_WARN_RANGE_LOOP_ANALYSIS = YES;
				CLANG_WARN_STRICT_PROTOTYPES = YES;
				CLANG_WARN_SUSPICIOUS_MOVE = YES;
				CLANG_WARN_UNGUARDED_AVAILABILITY = YES_AGGRESSIVE;
				CLANG_WARN_UNREACHABLE_CODE = YES;
				CLANG_WARN__DUPLICATE_METHOD_MATCH = YES;
				CODE_SIGN_IDENTITY = "iPhone Developer";
				COPY_PHASE_STRIP = NO;
				DEBUG_INFORMATION_FORMAT = dwarf;
				ENABLE_STRICT_OBJC_MSGSEND = YES;
				ENABLE_TESTABILITY = YES;
				GCC_C_LANGUAGE_STANDARD = gnu11;
				GCC_DYNAMIC_NO_PIC = NO;
				GCC_NO_COMMON_BLOCKS = YES;
				GCC_OPTIMIZATION_LEVEL = 0;
				GCC_PREPROCESSOR_DEFINITIONS = (
					"DEBUG=1",
					"$(inherited)",
				);
				GCC_WARN_64_TO_32_BIT_CONVERSION = YES;
				GCC_WARN_ABOUT_RETURN_TYPE = YES_ERROR;
				GCC_WARN_UNDECLARED_SELECTOR = YES;
				GCC_WARN_UNINITIALIZED_AUTOS = YES_AGGRESSIVE;
				GCC_WARN_UNUSED_FUNCTION = YES;
				GCC_WARN_UNUSED_VARIABLE = YES;
				IPHONEOS_DEPLOYMENT_TARGET = 12.1;
				MTL_ENABLE_DEBUG_INFO = INCLUDE_SOURCE;
				MTL_FAST_MATH = YES;
				ONLY_ACTIVE_ARCH = YES;
				SDKROOT = iphoneos;
			};
			name = Debug;
		};
		88AF9D0B2250F92C00E6F736 /* Release */ = {
			isa = XCBuildConfiguration;
			buildSettings = {
				ALWAYS_SEARCH_USER_PATHS = NO;
				CLANG_ANALYZER_NONNULL = YES;
				CLANG_ANALYZER_NUMBER_OBJECT_CONVERSION = YES_AGGRESSIVE;
				CLANG_CXX_LANGUAGE_STANDARD = "gnu++14";
				CLANG_CXX_LIBRARY = "libc++";
				CLANG_ENABLE_MODULES = YES;
				CLANG_ENABLE_OBJC_ARC = YES;
				CLANG_ENABLE_OBJC_WEAK = YES;
				CLANG_WARN_BLOCK_CAPTURE_AUTORELEASING = YES;
				CLANG_WARN_BOOL_CONVERSION = YES;
				CLANG_WARN_COMMA = YES;
				CLANG_WARN_CONSTANT_CONVERSION = YES;
				CLANG_WARN_DEPRECATED_OBJC_IMPLEMENTATIONS = YES;
				CLANG_WARN_DIRECT_OBJC_ISA_USAGE = YES_ERROR;
				CLANG_WARN_DOCUMENTATION_COMMENTS = YES;
				CLANG_WARN_EMPTY_BODY = YES;
				CLANG_WARN_ENUM_CONVERSION = YES;
				CLANG_WARN_INFINITE_RECURSION = YES;
				CLANG_WARN_INT_CONVERSION = YES;
				CLANG_WARN_NON_LITERAL_NULL_CONVERSION = YES;
				CLANG_WARN_OBJC_IMPLICIT_RETAIN_SELF = YES;
				CLANG_WARN_OBJC_LITERAL_CONVERSION = YES;
				CLANG_WARN_OBJC_ROOT_CLASS = YES_ERROR;
				CLANG_WARN_RANGE_LOOP_ANALYSIS = YES;
				CLANG_WARN_STRICT_PROTOTYPES = YES;
				CLANG_WARN_SUSPICIOUS_MOVE = YES;
				CLANG_WARN_UNGUARDED_AVAILABILITY = YES_AGGRESSIVE;
				CLANG_WARN_UNREACHABLE_CODE = YES;
				CLANG_WARN__DUPLICATE_METHOD_MATCH = YES;
				CODE_SIGN_IDENTITY = "iPhone Developer";
				COPY_PHASE_STRIP = NO;
				DEBUG_INFORMATION_FORMAT = "dwarf-with-dsym";
				ENABLE_NS_ASSERTIONS = NO;
				ENABLE_STRICT_OBJC_MSGSEND = YES;
				GCC_C_LANGUAGE_STANDARD = gnu11;
				GCC_NO_COMMON_BLOCKS = YES;
				GCC_WARN_64_TO_32_BIT_CONVERSION = YES;
				GCC_WARN_ABOUT_RETURN_TYPE = YES_ERROR;
				GCC_WARN_UNDECLARED_SELECTOR = YES;
				GCC_WARN_UNINITIALIZED_AUTOS = YES_AGGRESSIVE;
				GCC_WARN_UNUSED_FUNCTION = YES;
				GCC_WARN_UNUSED_VARIABLE = YES;
				IPHONEOS_DEPLOYMENT_TARGET = 12.1;
				MTL_ENABLE_DEBUG_INFO = NO;
				MTL_FAST_MATH = YES;
				SDKROOT = iphoneos;
				VALIDATE_PRODUCT = YES;
			};
			name = Release;
		};
		88AF9D0D2250F92C00E6F736 /* Debug */ = {
			isa = XCBuildConfiguration;
			buildSettings = {
				ASSETCATALOG_COMPILER_APPICON_NAME = AppIcon;
				CODE_SIGN_STYLE = Automatic;
				DEVELOPMENT_TEAM = Q2B4X9FGD4;
				INFOPLIST_FILE = "skut-22-touches/Info.plist";
				LD_RUNPATH_SEARCH_PATHS = (
					"$(inherited)",
					"@executable_path/Frameworks",
				);
				PRODUCT_BUNDLE_IDENTIFIER = "zol.skut-22-touches";
				PRODUCT_NAME = "$(TARGET_NAME)";
				TARGETED_DEVICE_FAMILY = "1,2";
			};
			name = Debug;
		};
		88AF9D0E2250F92C00E6F736 /* Release */ = {
			isa = XCBuildConfiguration;
			buildSettings = {
				ASSETCATALOG_COMPILER_APPICON_NAME = AppIcon;
				CODE_SIGN_STYLE = Automatic;
				DEVELOPMENT_TEAM = Q2B4X9FGD4;
				INFOPLIST_FILE = "skut-22-touches/Info.plist";
				LD_RUNPATH_SEARCH_PATHS = (
					"$(inherited)",
					"@executable_path/Frameworks",
				);
				PRODUCT_BUNDLE_IDENTIFIER = "zol.skut-22-touches";
				PRODUCT_NAME = "$(TARGET_NAME)";
				TARGETED_DEVICE_FAMILY = "1,2";
			};
			name = Release;
		};
/* End XCBuildConfiguration section */

/* Begin XCConfigurationList section */
		88AF9CF12250F92B00E6F736 /* Build configuration list for PBXProject "skut-22-touches" */ = {
			isa = XCConfigurationList;
			buildConfigurations = (
				88AF9D0A2250F92C00E6F736 /* Debug */,
				88AF9D0B2250F92C00E6F736 /* Release */,
			);
			defaultConfigurationIsVisible = 0;
			defaultConfigurationName = Release;
		};
		88AF9D0C2250F92C00E6F736 /* Build configuration list for PBXNativeTarget "skut-22-touches" */ = {
			isa = XCConfigurationList;
			buildConfigurations = (
				88AF9D0D2250F92C00E6F736 /* Debug */,
				88AF9D0E2250F92C00E6F736 /* Release */,
			);
			defaultConfigurationIsVisible = 0;
			defaultConfigurationName = Release;
		};
/* End XCConfigurationList section */
	};
	rootObject = 88AF9CEE2250F92B00E6F736 /* Project object */;
}
